
Microsoft Visual Studio Solution File, Format Version 12.00
# Visual Studio Version 17
VisualStudioVersion = 17.8.34330.188
MinimumVisualStudioVersion = 10.0.40219.1
Project("{FAE04EC0-301F-11D3-BF4B-00C04F79EFBC}") = "ManagementAPI", "ManagementAPI\ManagementAPI.csproj", "{A3295B7F-B7AE-413A-B864-665446CF7B44}"
EndProject
Global
	GlobalSection(SolutionConfigurationPlatforms) = preSolution
		Debug|Any CPU = Debug|Any CPU
		Release|Any CPU = Release|Any CPU
	EndGlobalSection
	GlobalSection(ProjectConfigurationPlatforms) = postSolution
		{A3295B7F-B7AE-413A-B864-665446CF7B44}.Debug|Any CPU.ActiveCfg = Debug|Any CPU
		{A3295B7F-B7AE-413A-B864-665446CF7B44}.Debug|Any CPU.Build.0 = Debug|Any CPU
		{A3295B7F-B7AE-413A-B864-665446CF7B44}.Release|Any CPU.ActiveCfg = Release|Any CPU
		{A3295B7F-B7AE-413A-B864-665446CF7B44}.Release|Any CPU.Build.0 = Release|Any CPU
	EndGlobalSection
	GlobalSection(SolutionProperties) = preSolution
		HideSolutionNode = FALSE
	EndGlobalSection
	GlobalSection(ExtensibilityGlobals) = postSolution
		SolutionGuid = {1A877115-A15F-4598-8702-2363EEA33E69}
	EndGlobalSection
EndGlobal
